<Solution>
  <Project Path="PlainBytes.Mediation.Benchmarks\PlainBytes.Mediation.Benchmarks.csproj" Type="Classic C#" />
  <Project Path="PlainBytes.Mediation.Mediator.Tests/PlainBytes.Mediation.Mediator.Tests.csproj" />
  <Project Path="PlainBytes.Mediation.Mediator/PlainBytes.Mediation.Mediator.csproj" />
  <Project Path="SampleApp/SampleApp.csproj" />
</Solution>